
Microsoft Visual Studio Solution File, Format Version 12.00
Project("{FAE04EC0-301F-11D3-BF4B-00C04F79EFBC}") = "App", "App\App.csproj", "{09C65D60-9712-4E51-9945-09AC0BD0FD9E}"
EndProject
Project("{FAE04EC0-301F-11D3-BF4B-00C04F79EFBC}") = "Test", "Test\Test.csproj", "{1D5E949F-CB28-4B9F-8BBA-CF17A63D52E6}"
EndProject
Global
	GlobalSection(SolutionConfigurationPlatforms) = preSolution
		Debug|Any CPU = Debug|Any CPU
		Release|Any CPU = Release|Any CPU
	EndGlobalSection
	GlobalSection(ProjectConfigurationPlatforms) = postSolution
		{09C65D60-9712-4E51-9945-09AC0BD0FD9E}.Debug|Any CPU.ActiveCfg = Debug|Any CPU
		{09C65D60-9712-4E51-9945-09AC0BD0FD9E}.Debug|Any CPU.Build.0 = Debug|Any CPU
		{09C65D60-9712-4E51-9945-09AC0BD0FD9E}.Release|Any CPU.ActiveCfg = Release|Any CPU
		{09C65D60-9712-4E51-9945-09AC0BD0FD9E}.Release|Any CPU.Build.0 = Release|Any CPU
		{1D5E949F-CB28-4B9F-8BBA-CF17A63D52E6}.Debug|Any CPU.ActiveCfg = Debug|Any CPU
		{1D5E949F-CB28-4B9F-8BBA-CF17A63D52E6}.Debug|Any CPU.Build.0 = Debug|Any CPU
		{1D5E949F-CB28-4B9F-8BBA-CF17A63D52E6}.Release|Any CPU.ActiveCfg = Release|Any CPUs
		{1D5E949F-CB28-4B9F-8BBA-CF17A63D52E6}.Release|Any CPU.Build.0 = Release|Any CPU
	EndGlobalSection
EndGlobal
